// !$*UTF8*$!
{
	archiveVersion = 1;
	classes = {
	};
	objectVersion = 55;
	objects = {

/* Begin PBXBuildFile section */
		2D4AE6FC20B5CD679D5F960A /* Pods_K___J_News.framework in Frameworks */ = {isa = PBXBuildFile; fileRef = 5DFF5E1E4DDB3B1D8F97A2C3 /* Pods_K___J_News.framework */; };
		9E723D9E2803D7BA0002C606 /* APICaller.swift in Sources */ = {isa = PBXBuildFile; fileRef = 9E723D9D2803D7BA0002C606 /* APICaller.swift */; };
		9E723DA02804F4E50002C606 /* NewsTableViewCell.swift in Sources */ = {isa = PBXBuildFile; fileRef = 9E723D9F2804F4E50002C606 /* NewsTableViewCell.swift */; };
		D0721E6927FE5DB70018D854 /* AppDelegate.swift in Sources */ = {isa = PBXBuildFile; fileRef = D0721E6827FE5DB70018D854 /* AppDelegate.swift */; };
		D0721E6B27FE5DB70018D854 /* SceneDelegate.swift in Sources */ = {isa = PBXBuildFile; fileRef = D0721E6A27FE5DB70018D854 /* SceneDelegate.swift */; };
		D0721E7027FE5DB70018D854 /* Main.storyboard in Resources */ = {isa = PBXBuildFile; fileRef = D0721E6E27FE5DB70018D854 /* Main.storyboard */; };
		D0721E7227FE5DB80018D854 /* Assets.xcassets in Resources */ = {isa = PBXBuildFile; fileRef = D0721E7127FE5DB80018D854 /* Assets.xcassets */; };
		D0721E7527FE5DB80018D854 /* LaunchScreen.storyboard in Resources */ = {isa = PBXBuildFile; fileRef = D0721E7327FE5DB80018D854 /* LaunchScreen.storyboard */; };
		D0A1BE5D27FE92CE004FA0BE /* keys.plist in Resources */ = {isa = PBXBuildFile; fileRef = D0A1BE5C27FE92CE004FA0BE /* keys.plist */; };
		D0A1BE5F27FF3C4F004FA0BE /* LoginViewController.swift in Sources */ = {isa = PBXBuildFile; fileRef = D0A1BE5E27FF3C4F004FA0BE /* LoginViewController.swift */; };
		D0A1BE6127FF3C5C004FA0BE /* FeedViewController.swift in Sources */ = {isa = PBXBuildFile; fileRef = D0A1BE6027FF3C5C004FA0BE /* FeedViewController.swift */; };
		D0A1BE6327FF4490004FA0BE /* SignUpViewController.swift in Sources */ = {isa = PBXBuildFile; fileRef = D0A1BE6227FF4490004FA0BE /* SignUpViewController.swift */; };
		D0A1BE65280268F9004FA0BE /* SearchViewController.swift in Sources */ = {isa = PBXBuildFile; fileRef = D0A1BE64280268F9004FA0BE /* SearchViewController.swift */; };
		D0A1BE672802696F004FA0BE /* ProfileViewController.swift in Sources */ = {isa = PBXBuildFile; fileRef = D0A1BE662802696F004FA0BE /* ProfileViewController.swift */; };
/* End PBXBuildFile section */

/* Begin PBXFileReference section */
		5DFF5E1E4DDB3B1D8F97A2C3 /* Pods_K___J_News.framework */ = {isa = PBXFileReference; explicitFileType = wrapper.framework; includeInIndex = 0; path = "Pods_K___J_News.framework"; sourceTree = BUILT_PRODUCTS_DIR; };
		989AFFEC2F2A65152757EE51 /* Pods-K & J News.release.xcconfig */ = {isa = PBXFileReference; includeInIndex = 1; lastKnownFileType = text.xcconfig; name = "Pods-K & J News.release.xcconfig"; path = "Target Support Files/Pods-K & J News/Pods-K & J News.release.xcconfig"; sourceTree = "<group>"; };
		9E723D9D2803D7BA0002C606 /* APICaller.swift */ = {isa = PBXFileReference; lastKnownFileType = sourcecode.swift; path = APICaller.swift; sourceTree = "<group>"; };
		9E723D9F2804F4E50002C606 /* NewsTableViewCell.swift */ = {isa = PBXFileReference; lastKnownFileType = sourcecode.swift; path = NewsTableViewCell.swift; sourceTree = "<group>"; };
		D0721E6527FE5DB70018D854 /* K & J News.app */ = {isa = PBXFileReference; explicitFileType = wrapper.application; includeInIndex = 0; path = "K & J News.app"; sourceTree = BUILT_PRODUCTS_DIR; };
		D0721E6827FE5DB70018D854 /* AppDelegate.swift */ = {isa = PBXFileReference; lastKnownFileType = sourcecode.swift; path = AppDelegate.swift; sourceTree = "<group>"; };
		D0721E6A27FE5DB70018D854 /* SceneDelegate.swift */ = {isa = PBXFileReference; lastKnownFileType = sourcecode.swift; path = SceneDelegate.swift; sourceTree = "<group>"; };
		D0721E6F27FE5DB70018D854 /* Base */ = {isa = PBXFileReference; lastKnownFileType = file.storyboard; name = Base; path = Base.lproj/Main.storyboard; sourceTree = "<group>"; };
		D0721E7127FE5DB80018D854 /* Assets.xcassets */ = {isa = PBXFileReference; lastKnownFileType = folder.assetcatalog; path = Assets.xcassets; sourceTree = "<group>"; };
		D0721E7427FE5DB80018D854 /* Base */ = {isa = PBXFileReference; lastKnownFileType = file.storyboard; name = Base; path = Base.lproj/LaunchScreen.storyboard; sourceTree = "<group>"; };
		D0721E7627FE5DB80018D854 /* Info.plist */ = {isa = PBXFileReference; lastKnownFileType = text.plist.xml; path = Info.plist; sourceTree = "<group>"; };
		D0A1BE5C27FE92CE004FA0BE /* keys.plist */ = {isa = PBXFileReference; lastKnownFileType = text.plist.xml; path = keys.plist; sourceTree = "<group>"; };
		D0A1BE5E27FF3C4F004FA0BE /* LoginViewController.swift */ = {isa = PBXFileReference; lastKnownFileType = sourcecode.swift; path = LoginViewController.swift; sourceTree = "<group>"; };
		D0A1BE6027FF3C5C004FA0BE /* FeedViewController.swift */ = {isa = PBXFileReference; lastKnownFileType = sourcecode.swift; path = FeedViewController.swift; sourceTree = "<group>"; };
		D0A1BE6227FF4490004FA0BE /* SignUpViewController.swift */ = {isa = PBXFileReference; lastKnownFileType = sourcecode.swift; path = SignUpViewController.swift; sourceTree = "<group>"; };
		D0A1BE64280268F9004FA0BE /* SearchViewController.swift */ = {isa = PBXFileReference; lastKnownFileType = sourcecode.swift; path = SearchViewController.swift; sourceTree = "<group>"; };
		D0A1BE662802696F004FA0BE /* ProfileViewController.swift */ = {isa = PBXFileReference; lastKnownFileType = sourcecode.swift; path = ProfileViewController.swift; sourceTree = "<group>"; };
		E0D4D46896B1FBF608A863F2 /* Pods-K & J News.debug.xcconfig */ = {isa = PBXFileReference; includeInIndex = 1; lastKnownFileType = text.xcconfig; name = "Pods-K & J News.debug.xcconfig"; path = "Target Support Files/Pods-K & J News/Pods-K & J News.debug.xcconfig"; sourceTree = "<group>"; };
/* End PBXFileReference section */

/* Begin PBXFrameworksBuildPhase section */
		D0721E6227FE5DB60018D854 /* Frameworks */ = {
			isa = PBXFrameworksBuildPhase;
			buildActionMask = 2147483647;
			files = (
				2D4AE6FC20B5CD679D5F960A /* Pods_K___J_News.framework in Frameworks */,
			);
			runOnlyForDeploymentPostprocessing = 0;
		};
/* End PBXFrameworksBuildPhase section */

/* Begin PBXGroup section */
		45A9B57AC31CA7CB13CE73F8 /* Pods */ = {
			isa = PBXGroup;
			children = (
				E0D4D46896B1FBF608A863F2 /* Pods-K & J News.debug.xcconfig */,
				989AFFEC2F2A65152757EE51 /* Pods-K & J News.release.xcconfig */,
			);
			path = Pods;
			sourceTree = "<group>";
		};
		7A8D905361D2E6EBDAE00E3C /* Frameworks */ = {
			isa = PBXGroup;
			children = (
				5DFF5E1E4DDB3B1D8F97A2C3 /* Pods_K___J_News.framework */,
			);
			name = Frameworks;
			sourceTree = "<group>";
		};
		D0721E5C27FE5DB60018D854 = {
			isa = PBXGroup;
			children = (
				D0721E6727FE5DB70018D854 /* K & J News */,
				D0721E6627FE5DB70018D854 /* Products */,
				45A9B57AC31CA7CB13CE73F8 /* Pods */,
				7A8D905361D2E6EBDAE00E3C /* Frameworks */,
			);
			sourceTree = "<group>";
		};
		D0721E6627FE5DB70018D854 /* Products */ = {
			isa = PBXGroup;
			children = (
				D0721E6527FE5DB70018D854 /* K & J News.app */,
			);
			name = Products;
			sourceTree = "<group>";
		};
		D0721E6727FE5DB70018D854 /* K & J News */ = {
			isa = PBXGroup;
			children = (
				D0721E6827FE5DB70018D854 /* AppDelegate.swift */,
				D0A1BE5C27FE92CE004FA0BE /* keys.plist */,
				D0721E6A27FE5DB70018D854 /* SceneDelegate.swift */,
				D0721E6E27FE5DB70018D854 /* Main.storyboard */,
				D0721E7127FE5DB80018D854 /* Assets.xcassets */,
				D0721E7327FE5DB80018D854 /* LaunchScreen.storyboard */,
				D0721E7627FE5DB80018D854 /* Info.plist */,
				D0A1BE5E27FF3C4F004FA0BE /* LoginViewController.swift */,
				D0A1BE6027FF3C5C004FA0BE /* FeedViewController.swift */,
				D0A1BE6227FF4490004FA0BE /* SignUpViewController.swift */,
				D0A1BE64280268F9004FA0BE /* SearchViewController.swift */,
				D0A1BE662802696F004FA0BE /* ProfileViewController.swift */,
				9E723D9D2803D7BA0002C606 /* APICaller.swift */,
				9E723D9F2804F4E50002C606 /* NewsTableViewCell.swift */,
			);
			path = "K & J News";
			sourceTree = "<group>";
		};
/* End PBXGroup section */

/* Begin PBXNativeTarget section */
		D0721E6427FE5DB60018D854 /* K & J News */ = {
			isa = PBXNativeTarget;
			buildConfigurationList = D0721E7927FE5DB80018D854 /* Build configuration list for PBXNativeTarget "K & J News" */;
			buildPhases = (
				B2449E78B28FB02C718749F7 /* [CP] Check Pods Manifest.lock */,
				D0721E6127FE5DB60018D854 /* Sources */,
				D0721E6227FE5DB60018D854 /* Frameworks */,
				D0721E6327FE5DB60018D854 /* Resources */,
				9F19AAE074F777F40DACC0DF /* [CP] Embed Pods Frameworks */,
			);
			buildRules = (
			);
			dependencies = (
			);
			name = "K & J News";
			productName = "K & J News";
			productReference = D0721E6527FE5DB70018D854 /* K & J News.app */;
			productType = "com.apple.product-type.application";
		};
/* End PBXNativeTarget section */

/* Begin PBXProject section */
		D0721E5D27FE5DB60018D854 /* Project object */ = {
			isa = PBXProject;
			attributes = {
				BuildIndependentTargetsInParallel = 1;
				LastSwiftUpdateCheck = 1320;
				LastUpgradeCheck = 1320;
				TargetAttributes = {
					D0721E6427FE5DB60018D854 = {
						CreatedOnToolsVersion = 13.2.1;
					};
				};
			};
			buildConfigurationList = D0721E6027FE5DB60018D854 /* Build configuration list for PBXProject "K & J News" */;
			compatibilityVersion = "Xcode 13.0";
			developmentRegion = en;
			hasScannedForEncodings = 0;
			knownRegions = (
				en,
				Base,
			);
			mainGroup = D0721E5C27FE5DB60018D854;
			productRefGroup = D0721E6627FE5DB70018D854 /* Products */;
			projectDirPath = "";
			projectRoot = "";
			targets = (
				D0721E6427FE5DB60018D854 /* K & J News */,
			);
		};
/* End PBXProject section */

/* Begin PBXResourcesBuildPhase section */
		D0721E6327FE5DB60018D854 /* Resources */ = {
			isa = PBXResourcesBuildPhase;
			buildActionMask = 2147483647;
			files = (
				D0A1BE5D27FE92CE004FA0BE /* keys.plist in Resources */,
				D0721E7527FE5DB80018D854 /* LaunchScreen.storyboard in Resources */,
				D0721E7227FE5DB80018D854 /* Assets.xcassets in Resources */,
				D0721E7027FE5DB70018D854 /* Main.storyboard in Resources */,
			);
			runOnlyForDeploymentPostprocessing = 0;
		};
/* End PBXResourcesBuildPhase section */

/* Begin PBXShellScriptBuildPhase section */
		9F19AAE074F777F40DACC0DF /* [CP] Embed Pods Frameworks */ = {
			isa = PBXShellScriptBuildPhase;
			buildActionMask = 2147483647;
			files = (
			);
			inputFileListPaths = (
				"${PODS_ROOT}/Target Support Files/Pods-K & J News/Pods-K & J News-frameworks-${CONFIGURATION}-input-files.xcfilelist",
			);
			name = "[CP] Embed Pods Frameworks";
			outputFileListPaths = (
				"${PODS_ROOT}/Target Support Files/Pods-K & J News/Pods-K & J News-frameworks-${CONFIGURATION}-output-files.xcfilelist",
			);
			runOnlyForDeploymentPostprocessing = 0;
			shellPath = /bin/sh;
			shellScript = "\"${PODS_ROOT}/Target Support Files/Pods-K & J News/Pods-K & J News-frameworks.sh\"\n";
			showEnvVarsInLog = 0;
		};
		B2449E78B28FB02C718749F7 /* [CP] Check Pods Manifest.lock */ = {
			isa = PBXShellScriptBuildPhase;
			buildActionMask = 2147483647;
			files = (
			);
			inputFileListPaths = (
			);
			inputPaths = (
				"${PODS_PODFILE_DIR_PATH}/Podfile.lock",
				"${PODS_ROOT}/Manifest.lock",
			);
			name = "[CP] Check Pods Manifest.lock";
			outputFileListPaths = (
			);
			outputPaths = (
				"$(DERIVED_FILE_DIR)/Pods-K & J News-checkManifestLockResult.txt",
			);
			runOnlyForDeploymentPostprocessing = 0;
			shellPath = /bin/sh;
			shellScript = "diff \"${PODS_PODFILE_DIR_PATH}/Podfile.lock\" \"${PODS_ROOT}/Manifest.lock\" > /dev/null\nif [ $? != 0 ] ; then\n    # print error to STDERR\n    echo \"error: The sandbox is not in sync with the Podfile.lock. Run 'pod install' or update your CocoaPods installation.\" >&2\n    exit 1\nfi\n# This output is used by Xcode 'outputs' to avoid re-running this script phase.\necho \"SUCCESS\" > \"${SCRIPT_OUTPUT_FILE_0}\"\n";
			showEnvVarsInLog = 0;
		};
/* End PBXShellScriptBuildPhase section */

/* Begin PBXSourcesBuildPhase section */
		D0721E6127FE5DB60018D854 /* Sources */ = {
			isa = PBXSourcesBuildPhase;
			buildActionMask = 2147483647;
			files = (
				D0A1BE65280268F9004FA0BE /* SearchViewController.swift in Sources */,
				D0A1BE5F27FF3C4F004FA0BE /* LoginViewController.swift in Sources */,
				D0721E6927FE5DB70018D854 /* AppDelegate.swift in Sources */,
				D0A1BE6127FF3C5C004FA0BE /* FeedViewController.swift in Sources */,
				D0A1BE672802696F004FA0BE /* ProfileViewController.swift in Sources */,
				D0721E6B27FE5DB70018D854 /* SceneDelegate.swift in Sources */,
				D0A1BE6327FF4490004FA0BE /* SignUpViewController.swift in Sources */,
				9E723D9E2803D7BA0002C606 /* APICaller.swift in Sources */,
				9E723DA02804F4E50002C606 /* NewsTableViewCell.swift in Sources */,
			);
			runOnlyForDeploymentPostprocessing = 0;
		};
/* End PBXSourcesBuildPhase section */

/* Begin PBXVariantGroup section */
		D0721E6E27FE5DB70018D854 /* Main.storyboard */ = {
			isa = PBXVariantGroup;
			children = (
				D0721E6F27FE5DB70018D854 /* Base */,
			);
			name = Main.storyboard;
			sourceTree = "<group>";
		};
		D0721E7327FE5DB80018D854 /* LaunchScreen.storyboard */ = {
			isa = PBXVariantGroup;
			children = (
				D0721E7427FE5DB80018D854 /* Base */,
			);
			name = LaunchScreen.storyboard;
			sourceTree = "<group>";
		};
/* End PBXVariantGroup section */

/* Begin XCBuildConfiguration section */
		D0721E7727FE5DB80018D854 /* Debug */ = {
			isa = XCBuildConfiguration;
			buildSettings = {
				ALWAYS_SEARCH_USER_PATHS = NO;
				CLANG_ANALYZER_NONNULL = YES;
				CLANG_ANALYZER_NUMBER_OBJECT_CONVERSION = YES_AGGRESSIVE;
				CLANG_CXX_LANGUAGE_STANDARD = "gnu++17";
				CLANG_CXX_LIBRARY = "libc++";
				CLANG_ENABLE_MODULES = YES;
				CLANG_ENABLE_OBJC_ARC = YES;
				CLANG_ENABLE_OBJC_WEAK = YES;
				CLANG_WARN_BLOCK_CAPTURE_AUTORELEASING = YES;
				CLANG_WARN_BOOL_CONVERSION = YES;
				CLANG_WARN_COMMA = YES;
				CLANG_WARN_CONSTANT_CONVERSION = YES;
				CLANG_WARN_DEPRECATED_OBJC_IMPLEMENTATIONS = YES;
				CLANG_WARN_DIRECT_OBJC_ISA_USAGE = YES_ERROR;
				CLANG_WARN_DOCUMENTATION_COMMENTS = YES;
				CLANG_WARN_EMPTY_BODY = YES;
				CLANG_WARN_ENUM_CONVERSION = YES;
				CLANG_WARN_INFINITE_RECURSION = YES;
				CLANG_WARN_INT_CONVERSION = YES;
				CLANG_WARN_NON_LITERAL_NULL_CONVERSION = YES;
				CLANG_WARN_OBJC_IMPLICIT_RETAIN_SELF = YES;
				CLANG_WARN_OBJC_LITERAL_CONVERSION = YES;
				CLANG_WARN_OBJC_ROOT_CLASS = YES_ERROR;
				CLANG_WARN_QUOTED_INCLUDE_IN_FRAMEWORK_HEADER = YES;
				CLANG_WARN_RANGE_LOOP_ANALYSIS = YES;
				CLANG_WARN_STRICT_PROTOTYPES = YES;
				CLANG_WARN_SUSPICIOUS_MOVE = YES;
				CLANG_WARN_UNGUARDED_AVAILABILITY = YES_AGGRESSIVE;
				CLANG_WARN_UNREACHABLE_CODE = YES;
				CLANG_WARN__DUPLICATE_METHOD_MATCH = YES;
				COPY_PHASE_STRIP = NO;
				DEBUG_INFORMATION_FORMAT = dwarf;
				ENABLE_STRICT_OBJC_MSGSEND = YES;
				ENABLE_TESTABILITY = YES;
				GCC_C_LANGUAGE_STANDARD = gnu11;
				GCC_DYNAMIC_NO_PIC = NO;
				GCC_NO_COMMON_BLOCKS = YES;
				GCC_OPTIMIZATION_LEVEL = 0;
				GCC_PREPROCESSOR_DEFINITIONS = (
					"DEBUG=1",
					"$(inherited)",
				);
				GCC_WARN_64_TO_32_BIT_CONVERSION = YES;
				GCC_WARN_ABOUT_RETURN_TYPE = YES_ERROR;
				GCC_WARN_UNDECLARED_SELECTOR = YES;
				GCC_WARN_UNINITIALIZED_AUTOS = YES_AGGRESSIVE;
				GCC_WARN_UNUSED_FUNCTION = YES;
				GCC_WARN_UNUSED_VARIABLE = YES;
				IPHONEOS_DEPLOYMENT_TARGET = 15.2;
				MTL_ENABLE_DEBUG_INFO = INCLUDE_SOURCE;
				MTL_FAST_MATH = YES;
				ONLY_ACTIVE_ARCH = YES;
				SDKROOT = iphoneos;
				SWIFT_ACTIVE_COMPILATION_CONDITIONS = DEBUG;
				SWIFT_OPTIMIZATION_LEVEL = "-Onone";
			};
			name = Debug;
		};
		D0721E7827FE5DB80018D854 /* Release */ = {
			isa = XCBuildConfiguration;
			buildSettings = {
				ALWAYS_SEARCH_USER_PATHS = NO;
				CLANG_ANALYZER_NONNULL = YES;
				CLANG_ANALYZER_NUMBER_OBJECT_CONVERSION = YES_AGGRESSIVE;
				CLANG_CXX_LANGUAGE_STANDARD = "gnu++17";
				CLANG_CXX_LIBRARY = "libc++";
				CLANG_ENABLE_MODULES = YES;
				CLANG_ENABLE_OBJC_ARC = YES;
				CLANG_ENABLE_OBJC_WEAK = YES;
				CLANG_WARN_BLOCK_CAPTURE_AUTORELEASING = YES;
				CLANG_WARN_BOOL_CONVERSION = YES;
				CLANG_WARN_COMMA = YES;
				CLANG_WARN_CONSTANT_CONVERSION = YES;
				CLANG_WARN_DEPRECATED_OBJC_IMPLEMENTATIONS = YES;
				CLANG_WARN_DIRECT_OBJC_ISA_USAGE = YES_ERROR;
				CLANG_WARN_DOCUMENTATION_COMMENTS = YES;
				CLANG_WARN_EMPTY_BODY = YES;
				CLANG_WARN_ENUM_CONVERSION = YES;
				CLANG_WARN_INFINITE_RECURSION = YES;
				CLANG_WARN_INT_CONVERSION = YES;
				CLANG_WARN_NON_LITERAL_NULL_CONVERSION = YES;
				CLANG_WARN_OBJC_IMPLICIT_RETAIN_SELF = YES;
				CLANG_WARN_OBJC_LITERAL_CONVERSION = YES;
				CLANG_WARN_OBJC_ROOT_CLASS = YES_ERROR;
				CLANG_WARN_QUOTED_INCLUDE_IN_FRAMEWORK_HEADER = YES;
				CLANG_WARN_RANGE_LOOP_ANALYSIS = YES;
				CLANG_WARN_STRICT_PROTOTYPES = YES;
				CLANG_WARN_SUSPICIOUS_MOVE = YES;
				CLANG_WARN_UNGUARDED_AVAILABILITY = YES_AGGRESSIVE;
				CLANG_WARN_UNREACHABLE_CODE = YES;
				CLANG_WARN__DUPLICATE_METHOD_MATCH = YES;
				COPY_PHASE_STRIP = NO;
				DEBUG_INFORMATION_FORMAT = "dwarf-with-dsym";
				ENABLE_NS_ASSERTIONS = NO;
				ENABLE_STRICT_OBJC_MSGSEND = YES;
				GCC_C_LANGUAGE_STANDARD = gnu11;
				GCC_NO_COMMON_BLOCKS = YES;
				GCC_WARN_64_TO_32_BIT_CONVERSION = YES;
				GCC_WARN_ABOUT_RETURN_TYPE = YES_ERROR;
				GCC_WARN_UNDECLARED_SELECTOR = YES;
				GCC_WARN_UNINITIALIZED_AUTOS = YES_AGGRESSIVE;
				GCC_WARN_UNUSED_FUNCTION = YES;
				GCC_WARN_UNUSED_VARIABLE = YES;
				IPHONEOS_DEPLOYMENT_TARGET = 15.2;
				MTL_ENABLE_DEBUG_INFO = NO;
				MTL_FAST_MATH = YES;
				SDKROOT = iphoneos;
				SWIFT_COMPILATION_MODE = wholemodule;
				SWIFT_OPTIMIZATION_LEVEL = "-O";
				VALIDATE_PRODUCT = YES;
			};
			name = Release;
		};
		D0721E7A27FE5DB80018D854 /* Debug */ = {
			isa = XCBuildConfiguration;
			baseConfigurationReference = E0D4D46896B1FBF608A863F2 /* Pods-K & J News.debug.xcconfig */;
			buildSettings = {
				ASSETCATALOG_COMPILER_APPICON_NAME = AppIcon;
				ASSETCATALOG_COMPILER_GLOBAL_ACCENT_COLOR_NAME = AccentColor;
				CODE_SIGN_IDENTITY = "Apple Development";
				CODE_SIGN_STYLE = Automatic;
				CURRENT_PROJECT_VERSION = 1;
				DEVELOPMENT_TEAM = ZK2MMH8JF7;
				GENERATE_INFOPLIST_FILE = YES;
				INFOPLIST_FILE = "K & J News/Info.plist";
				INFOPLIST_KEY_UIApplicationSupportsIndirectInputEvents = YES;
				INFOPLIST_KEY_UILaunchStoryboardName = LaunchScreen;
				INFOPLIST_KEY_UIMainStoryboardFile = Main;
				INFOPLIST_KEY_UISupportedInterfaceOrientations_iPad = "UIInterfaceOrientationPortrait UIInterfaceOrientationPortraitUpsideDown UIInterfaceOrientationLandscapeLeft UIInterfaceOrientationLandscapeRight";
				INFOPLIST_KEY_UISupportedInterfaceOrientations_iPhone = "UIInterfaceOrientationPortrait UIInterfaceOrientationLandscapeLeft UIInterfaceOrientationLandscapeRight";
				LD_RUNPATH_SEARCH_PATHS = (
					"$(inherited)",
					"@executable_path/Frameworks",
				);
				MARKETING_VERSION = 1.0;
				PRODUCT_BUNDLE_IDENTIFIER = "edu.csumb.krndxs.K---J-News1234";
				PRODUCT_NAME = "$(TARGET_NAME)";
				PROVISIONING_PROFILE_SPECIFIER = "";
				SWIFT_EMIT_LOC_STRINGS = YES;
				SWIFT_VERSION = 5.0;
				TARGETED_DEVICE_FAMILY = "1,2";
			};
			name = Debug;
		};
		D0721E7B27FE5DB80018D854 /* Release */ = {
			isa = XCBuildConfiguration;
			baseConfigurationReference = 989AFFEC2F2A65152757EE51 /* Pods-K & J News.release.xcconfig */;
			buildSettings = {
				ASSETCATALOG_COMPILER_APPICON_NAME = AppIcon;
				ASSETCATALOG_COMPILER_GLOBAL_ACCENT_COLOR_NAME = AccentColor;
				CODE_SIGN_IDENTITY = "Apple Development";
				CODE_SIGN_STYLE = Automatic;
				CURRENT_PROJECT_VERSION = 1;
				DEVELOPMENT_TEAM = ZK2MMH8JF7;
				GENERATE_INFOPLIST_FILE = YES;
				INFOPLIST_FILE = "K & J News/Info.plist";
				INFOPLIST_KEY_UIApplicationSupportsIndirectInputEvents = YES;
				INFOPLIST_KEY_UILaunchStoryboardName = LaunchScreen;
				INFOPLIST_KEY_UIMainStoryboardFile = Main;
				INFOPLIST_KEY_UISupportedInterfaceOrientations_iPad = "UIInterfaceOrientationPortrait UIInterfaceOrientationPortraitUpsideDown UIInterfaceOrientationLandscapeLeft UIInterfaceOrientationLandscapeRight";
				INFOPLIST_KEY_UISupportedInterfaceOrientations_iPhone = "UIInterfaceOrientationPortrait UIInterfaceOrientationLandscapeLeft UIInterfaceOrientationLandscapeRight";
				LD_RUNPATH_SEARCH_PATHS = (
					"$(inherited)",
					"@executable_path/Frameworks",
				);
				MARKETING_VERSION = 1.0;
				PRODUCT_BUNDLE_IDENTIFIER = "edu.csumb.krndxs.K---J-News1234";
				PRODUCT_NAME = "$(TARGET_NAME)";
				PROVISIONING_PROFILE_SPECIFIER = "";
				SWIFT_EMIT_LOC_STRINGS = YES;
				SWIFT_VERSION = 5.0;
				TARGETED_DEVICE_FAMILY = "1,2";
			};
			name = Release;
		};
/* End XCBuildConfiguration section */

/* Begin XCConfigurationList section */
		D0721E6027FE5DB60018D854 /* Build configuration list for PBXProject "K & J News" */ = {
			isa = XCConfigurationList;
			buildConfigurations = (
				D0721E7727FE5DB80018D854 /* Debug */,
				D0721E7827FE5DB80018D854 /* Release */,
			);
			defaultConfigurationIsVisible = 0;
			defaultConfigurationName = Release;
		};
		D0721E7927FE5DB80018D854 /* Build configuration list for PBXNativeTarget "K & J News" */ = {
			isa = XCConfigurationList;
			buildConfigurations = (
				D0721E7A27FE5DB80018D854 /* Debug */,
				D0721E7B27FE5DB80018D854 /* Release */,
			);
			defaultConfigurationIsVisible = 0;
			defaultConfigurationName = Release;
		};
/* End XCConfigurationList section */
	};
	rootObject = D0721E5D27FE5DB60018D854 /* Project object */;
}
